
Microsoft Visual Studio Solution File, Format Version 12.00
# Visual Studio 14
VisualStudioVersion = 14.0.23107.0
MinimumVisualStudioVersion = 10.0.40219.1
Project("{FAE04EC0-301F-11D3-BF4B-00C04F79EFBC}") = "WeApplication1Test", "WeApplication1Test\WeApplication1Test.csproj", "{773B4010-C06E-4D01-A188-BD9E6EF5AE90}"
EndProject
Project("{FAE04EC0-301F-11D3-BF4B-00C04F79EFBC}") = "WebApplication1", "WebApplication1\WebApplication1.csproj", "{9E89D4C9-FC65-4A35-8B28-367E92D06846}"
EndProject
Global
	GlobalSection(SolutionConfigurationPlatforms) = preSolution
		Debug|Any CPU = Debug|Any CPU
		Release|Any CPU = Release|Any CPU
	EndGlobalSection
	GlobalSection(ProjectConfigurationPlatforms) = postSolution
		{773B4010-C06E-4D01-A188-BD9E6EF5AE90}.Debug|Any CPU.ActiveCfg = Debug|Any CPU
		{773B4010-C06E-4D01-A188-BD9E6EF5AE90}.Debug|Any CPU.Build.0 = Debug|Any CPU
		{773B4010-C06E-4D01-A188-BD9E6EF5AE90}.Release|Any CPU.ActiveCfg = Release|Any CPU
		{773B4010-C06E-4D01-A188-BD9E6EF5AE90}.Release|Any CPU.Build.0 = Release|Any CPU
		{9E89D4C9-FC65-4A35-8B28-367E92D06846}.Debug|Any CPU.ActiveCfg = Debug|Any CPU
		{9E89D4C9-FC65-4A35-8B28-367E92D06846}.Debug|Any CPU.Build.0 = Debug|Any CPU
		{9E89D4C9-FC65-4A35-8B28-367E92D06846}.Release|Any CPU.ActiveCfg = Release|Any CPU
		{9E89D4C9-FC65-4A35-8B28-367E92D06846}.Release|Any CPU.Build.0 = Release|Any CPU
	EndGlobalSection
	GlobalSection(SolutionProperties) = preSolution
		HideSolutionNode = FALSE
	EndGlobalSection
EndGlobal
